
Microsoft Visual Studio Solution File, Format Version 12.00
# Visual Studio 15
VisualStudioVersion = 15.0.27703.2000
MinimumVisualStudioVersion = 10.0.40219.1
Project("{FAE04EC0-301F-11D3-BF4B-00C04F79EFBC}") = "DC.FrontEndAssignment.WebApi", "DC.FrontEndAssignment.WebApi\DC.FrontEndAssignment.WebApi.csproj", "{64A56351-7F02-4277-9B93-AC2138A4C461}"
EndProject
Global
	GlobalSection(SolutionConfigurationPlatforms) = preSolution
		Debug|Any CPU = Debug|Any CPU
		Release|Any CPU = Release|Any CPU
	EndGlobalSection
	GlobalSection(ProjectConfigurationPlatforms) = postSolution
		{64A56351-7F02-4277-9B93-AC2138A4C461}.Debug|Any CPU.ActiveCfg = Debug|Any CPU
		{64A56351-7F02-4277-9B93-AC2138A4C461}.Debug|Any CPU.Build.0 = Debug|Any CPU
		{64A56351-7F02-4277-9B93-AC2138A4C461}.Release|Any CPU.ActiveCfg = Release|Any CPU
		{64A56351-7F02-4277-9B93-AC2138A4C461}.Release|Any CPU.Build.0 = Release|Any CPU
	EndGlobalSection
	GlobalSection(SolutionProperties) = preSolution
		HideSolutionNode = FALSE
	EndGlobalSection
	GlobalSection(ExtensibilityGlobals) = postSolution
		SolutionGuid = {C83DC3D7-2432-4B6B-AD0E-C4AF4A8E86F7}
	EndGlobalSection
EndGlobal
